
Microsoft Visual Studio Solution File, Format Version 12.00
# Visual Studio Version 17
VisualStudioVersion = 17.2.32616.157
MinimumVisualStudioVersion = 10.0.40219.1
Project("{FAE04EC0-301F-11D3-BF4B-00C04F79EFBC}") = "padifi", "padifi\padifi.csproj", "{3C77C923-9CCB-4956-8E92-D11E0F945655}"
EndProject
Global
	GlobalSection(SolutionConfigurationPlatforms) = preSolution
		Debug|Any CPU = Debug|Any CPU
		Release|Any CPU = Release|Any CPU
	EndGlobalSection
	GlobalSection(ProjectConfigurationPlatforms) = postSolution
		{3C77C923-9CCB-4956-8E92-D11E0F945655}.Debug|Any CPU.ActiveCfg = Debug|Any CPU
		{3C77C923-9CCB-4956-8E92-D11E0F945655}.Debug|Any CPU.Build.0 = Debug|Any CPU
		{3C77C923-9CCB-4956-8E92-D11E0F945655}.Release|Any CPU.ActiveCfg = Release|Any CPU
		{3C77C923-9CCB-4956-8E92-D11E0F945655}.Release|Any CPU.Build.0 = Release|Any CPU
	EndGlobalSection
	GlobalSection(SolutionProperties) = preSolution
		HideSolutionNode = FALSE
	EndGlobalSection
	GlobalSection(ExtensibilityGlobals) = postSolution
		SolutionGuid = {60E01F09-7D10-4806-9A02-C215A5D4B790}
	EndGlobalSection
EndGlobal
